
Microsoft Visual Studio Solution File, Format Version 12.00
# Visual Studio 14
VisualStudioVersion = 14.0.24720.0
MinimumVisualStudioVersion = 10.0.40219.1
Project("{FAE04EC0-301F-11D3-BF4B-00C04F79EFBC}") = "EventsAndLambdaExpressions", "EventsAndLambdaExpressions\EventsAndLambdaExpressions.csproj", "{6BB15D81-320D-4587-B748-A4D2608A484C}"
EndProject
Project("{FAE04EC0-301F-11D3-BF4B-00C04F79EFBC}") = "FuncAndAction", "FuncAndAction\FuncAndAction.csproj", "{3710229A-D38E-49F7-834A-4D58BB95F9BC}"
EndProject
Project("{FAE04EC0-301F-11D3-BF4B-00C04F79EFBC}") = "ExceptionHandling", "ExceptionHandling\ExceptionHandling.csproj", "{A5B5E7A3-64EF-4827-8C7F-EB547CCA5499}"
EndProject
Project("{FAE04EC0-301F-11D3-BF4B-00C04F79EFBC}") = "ReadAndWriteFiles", "ReadAndWriteFiles\ReadAndWriteFiles.csproj", "{B4E0287E-C6BB-418B-A990-B4DBA4470A15}"
EndProject
Project("{FAE04EC0-301F-11D3-BF4B-00C04F79EFBC}") = "DebugAndTrace", "DebugAndTrace\DebugAndTrace.csproj", "{D9E55C0E-5A54-45D0-B7BB-0874F26825AF}"
EndProject
Project("{FAE04EC0-301F-11D3-BF4B-00C04F79EFBC}") = "JsonAndXmlSerialization", "JsonAndXmlSerialization\JsonAndXmlSerialization.csproj", "{DE5FD242-75A1-4813-A8FD-560AA1206F81}"
EndProject
Project("{FAE04EC0-301F-11D3-BF4B-00C04F79EFBC}") = "ListAndDictionary", "ListAndDictionary\ListAndDictionary.csproj", "{9F000E21-8C8E-4039-A7A4-A9B5D8C600BB}"
EndProject
Project("{FAE04EC0-301F-11D3-BF4B-00C04F79EFBC}") = "ThreadAndTask", "ThreadAndTask\ThreadAndTask.csproj", "{499D4568-EA8F-4CE5-9DDE-5AFA2085B32E}"
EndProject
Project("{FAE04EC0-301F-11D3-BF4B-00C04F79EFBC}") = "Parallel", "Parallel\Parallel.csproj", "{B54E2B8B-7FB5-4674-A6B8-E7185B78CF54}"
EndProject
Project("{FAE04EC0-301F-11D3-BF4B-00C04F79EFBC}") = "AsyncAndAwait", "AsyncAndAwait\AsyncAndAwait.csproj", "{94C3763D-FEF8-40D2-87BA-265FA3BD7880}"
EndProject
Project("{FAE04EC0-301F-11D3-BF4B-00C04F79EFBC}") = "DynamicType", "DynamicType\DynamicType.csproj", "{B75E417C-94AA-474E-BB74-5B8568311416}"
EndProject
Project("{FAE04EC0-301F-11D3-BF4B-00C04F79EFBC}") = "RegexSamples", "RegexSamples\RegexSamples.csproj", "{31F23F56-EF7D-4AAC-BC25-E8DDEC49EA16}"
EndProject
Project("{FAE04EC0-301F-11D3-BF4B-00C04F79EFBC}") = "DataEncryption", "DataEncryption\DataEncryption.csproj", "{7B5B85F9-1F5C-4715-9327-AD1FA53700AC}"
EndProject
Project("{FAE04EC0-301F-11D3-BF4B-00C04F79EFBC}") = "ClassLibrarySample", "ClassLibrarySample\ClassLibrarySample.csproj", "{0F17B4A9-9222-4666-BE70-125DCDABA46A}"
EndProject
Project("{FAE04EC0-301F-11D3-BF4B-00C04F79EFBC}") = "MeasurePerformance", "MeasurePerformance\MeasurePerformance.csproj", "{E33D97FF-C7E9-4909-8DD2-B7B40B2B3EB8}"
EndProject
Project("{FAE04EC0-301F-11D3-BF4B-00C04F79EFBC}") = "GenericObjects", "GenericObjects\GenericObjects.csproj", "{C03577B6-27F9-4BC1-B951-B88881A72058}"
EndProject
Project("{FAE04EC0-301F-11D3-BF4B-00C04F79EFBC}") = "GarbageCollector", "GarbageCollector\GarbageCollector.csproj", "{38E93A56-661A-4888-BC59-1702AA498DAB}"
EndProject
Project("{FAE04EC0-301F-11D3-BF4B-00C04F79EFBC}") = "FormattingAndGlobalization", "FormattingAndGlobalization\FormattingAndGlobalization.csproj", "{AD8370B1-E839-4DC0-BD20-5CB3F21D9ADD}"
EndProject
Project("{FAE04EC0-301F-11D3-BF4B-00C04F79EFBC}") = "ReflectionSample", "ReflectionSample\ReflectionSample.csproj", "{E6F147CA-9521-4042-885D-25C8349EA9B5}"
EndProject
Project("{FAE04EC0-301F-11D3-BF4B-00C04F79EFBC}") = "ReflectionClassLibrary", "ReflectionClassLibrary\ReflectionClassLibrary.csproj", "{86714CC7-C8D7-44D4-92B6-231CB1FF8BF0}"
EndProject
Global
	GlobalSection(SolutionConfigurationPlatforms) = preSolution
		Debug|Any CPU = Debug|Any CPU
		Release|Any CPU = Release|Any CPU
	EndGlobalSection
	GlobalSection(ProjectConfigurationPlatforms) = postSolution
		{6BB15D81-320D-4587-B748-A4D2608A484C}.Debug|Any CPU.ActiveCfg = Debug|Any CPU
		{6BB15D81-320D-4587-B748-A4D2608A484C}.Debug|Any CPU.Build.0 = Debug|Any CPU
		{6BB15D81-320D-4587-B748-A4D2608A484C}.Release|Any CPU.ActiveCfg = Release|Any CPU
		{6BB15D81-320D-4587-B748-A4D2608A484C}.Release|Any CPU.Build.0 = Release|Any CPU
		{3710229A-D38E-49F7-834A-4D58BB95F9BC}.Debug|Any CPU.ActiveCfg = Debug|Any CPU
		{3710229A-D38E-49F7-834A-4D58BB95F9BC}.Debug|Any CPU.Build.0 = Debug|Any CPU
		{3710229A-D38E-49F7-834A-4D58BB95F9BC}.Release|Any CPU.ActiveCfg = Release|Any CPU
		{3710229A-D38E-49F7-834A-4D58BB95F9BC}.Release|Any CPU.Build.0 = Release|Any CPU
		{A5B5E7A3-64EF-4827-8C7F-EB547CCA5499}.Debug|Any CPU.ActiveCfg = Debug|Any CPU
		{A5B5E7A3-64EF-4827-8C7F-EB547CCA5499}.Debug|Any CPU.Build.0 = Debug|Any CPU
		{A5B5E7A3-64EF-4827-8C7F-EB547CCA5499}.Release|Any CPU.ActiveCfg = Release|Any CPU
		{A5B5E7A3-64EF-4827-8C7F-EB547CCA5499}.Release|Any CPU.Build.0 = Release|Any CPU
		{B4E0287E-C6BB-418B-A990-B4DBA4470A15}.Debug|Any CPU.ActiveCfg = Debug|Any CPU
		{B4E0287E-C6BB-418B-A990-B4DBA4470A15}.Debug|Any CPU.Build.0 = Debug|Any CPU
		{B4E0287E-C6BB-418B-A990-B4DBA4470A15}.Release|Any CPU.ActiveCfg = Release|Any CPU
		{B4E0287E-C6BB-418B-A990-B4DBA4470A15}.Release|Any CPU.Build.0 = Release|Any CPU
		{D9E55C0E-5A54-45D0-B7BB-0874F26825AF}.Debug|Any CPU.ActiveCfg = Debug|Any CPU
		{D9E55C0E-5A54-45D0-B7BB-0874F26825AF}.Debug|Any CPU.Build.0 = Debug|Any CPU
		{D9E55C0E-5A54-45D0-B7BB-0874F26825AF}.Release|Any CPU.ActiveCfg = Release|Any CPU
		{D9E55C0E-5A54-45D0-B7BB-0874F26825AF}.Release|Any CPU.Build.0 = Release|Any CPU
		{DE5FD242-75A1-4813-A8FD-560AA1206F81}.Debug|Any CPU.ActiveCfg = Debug|Any CPU
		{DE5FD242-75A1-4813-A8FD-560AA1206F81}.Debug|Any CPU.Build.0 = Debug|Any CPU
		{DE5FD242-75A1-4813-A8FD-560AA1206F81}.Release|Any CPU.ActiveCfg = Release|Any CPU
		{DE5FD242-75A1-4813-A8FD-560AA1206F81}.Release|Any CPU.Build.0 = Release|Any CPU
		{9F000E21-8C8E-4039-A7A4-A9B5D8C600BB}.Debug|Any CPU.ActiveCfg = Debug|Any CPU
		{9F000E21-8C8E-4039-A7A4-A9B5D8C600BB}.Debug|Any CPU.Build.0 = Debug|Any CPU
		{9F000E21-8C8E-4039-A7A4-A9B5D8C600BB}.Release|Any CPU.ActiveCfg = Release|Any CPU
		{9F000E21-8C8E-4039-A7A4-A9B5D8C600BB}.Release|Any CPU.Build.0 = Release|Any CPU
		{499D4568-EA8F-4CE5-9DDE-5AFA2085B32E}.Debug|Any CPU.ActiveCfg = Debug|Any CPU
		{499D4568-EA8F-4CE5-9DDE-5AFA2085B32E}.Debug|Any CPU.Build.0 = Debug|Any CPU
		{499D4568-EA8F-4CE5-9DDE-5AFA2085B32E}.Release|Any CPU.ActiveCfg = Release|Any CPU
		{499D4568-EA8F-4CE5-9DDE-5AFA2085B32E}.Release|Any CPU.Build.0 = Release|Any CPU
		{B54E2B8B-7FB5-4674-A6B8-E7185B78CF54}.Debug|Any CPU.ActiveCfg = Debug|Any CPU
		{B54E2B8B-7FB5-4674-A6B8-E7185B78CF54}.Debug|Any CPU.Build.0 = Debug|Any CPU
		{B54E2B8B-7FB5-4674-A6B8-E7185B78CF54}.Release|Any CPU.ActiveCfg = Release|Any CPU
		{B54E2B8B-7FB5-4674-A6B8-E7185B78CF54}.Release|Any CPU.Build.0 = Release|Any CPU
		{94C3763D-FEF8-40D2-87BA-265FA3BD7880}.Debug|Any CPU.ActiveCfg = Debug|Any CPU
		{94C3763D-FEF8-40D2-87BA-265FA3BD7880}.Debug|Any CPU.Build.0 = Debug|Any CPU
		{94C3763D-FEF8-40D2-87BA-265FA3BD7880}.Release|Any CPU.ActiveCfg = Release|Any CPU
		{94C3763D-FEF8-40D2-87BA-265FA3BD7880}.Release|Any CPU.Build.0 = Release|Any CPU
		{B75E417C-94AA-474E-BB74-5B8568311416}.Debug|Any CPU.ActiveCfg = Debug|Any CPU
		{B75E417C-94AA-474E-BB74-5B8568311416}.Debug|Any CPU.Build.0 = Debug|Any CPU
		{B75E417C-94AA-474E-BB74-5B8568311416}.Release|Any CPU.ActiveCfg = Release|Any CPU
		{B75E417C-94AA-474E-BB74-5B8568311416}.Release|Any CPU.Build.0 = Release|Any CPU
		{31F23F56-EF7D-4AAC-BC25-E8DDEC49EA16}.Debug|Any CPU.ActiveCfg = Debug|Any CPU
		{31F23F56-EF7D-4AAC-BC25-E8DDEC49EA16}.Debug|Any CPU.Build.0 = Debug|Any CPU
		{31F23F56-EF7D-4AAC-BC25-E8DDEC49EA16}.Release|Any CPU.ActiveCfg = Release|Any CPU
		{31F23F56-EF7D-4AAC-BC25-E8DDEC49EA16}.Release|Any CPU.Build.0 = Release|Any CPU
		{7B5B85F9-1F5C-4715-9327-AD1FA53700AC}.Debug|Any CPU.ActiveCfg = Debug|Any CPU
		{7B5B85F9-1F5C-4715-9327-AD1FA53700AC}.Debug|Any CPU.Build.0 = Debug|Any CPU
		{7B5B85F9-1F5C-4715-9327-AD1FA53700AC}.Release|Any CPU.ActiveCfg = Release|Any CPU
		{7B5B85F9-1F5C-4715-9327-AD1FA53700AC}.Release|Any CPU.Build.0 = Release|Any CPU
		{0F17B4A9-9222-4666-BE70-125DCDABA46A}.Debug|Any CPU.ActiveCfg = Debug|Any CPU
		{0F17B4A9-9222-4666-BE70-125DCDABA46A}.Debug|Any CPU.Build.0 = Debug|Any CPU
		{0F17B4A9-9222-4666-BE70-125DCDABA46A}.Release|Any CPU.ActiveCfg = Release|Any CPU
		{0F17B4A9-9222-4666-BE70-125DCDABA46A}.Release|Any CPU.Build.0 = Release|Any CPU
		{E33D97FF-C7E9-4909-8DD2-B7B40B2B3EB8}.Debug|Any CPU.ActiveCfg = Debug|Any CPU
		{E33D97FF-C7E9-4909-8DD2-B7B40B2B3EB8}.Debug|Any CPU.Build.0 = Debug|Any CPU
		{E33D97FF-C7E9-4909-8DD2-B7B40B2B3EB8}.Release|Any CPU.ActiveCfg = Release|Any CPU
		{E33D97FF-C7E9-4909-8DD2-B7B40B2B3EB8}.Release|Any CPU.Build.0 = Release|Any CPU
		{C03577B6-27F9-4BC1-B951-B88881A72058}.Debug|Any CPU.ActiveCfg = Debug|Any CPU
		{C03577B6-27F9-4BC1-B951-B88881A72058}.Debug|Any CPU.Build.0 = Debug|Any CPU
		{C03577B6-27F9-4BC1-B951-B88881A72058}.Release|Any CPU.ActiveCfg = Release|Any CPU
		{C03577B6-27F9-4BC1-B951-B88881A72058}.Release|Any CPU.Build.0 = Release|Any CPU
		{38E93A56-661A-4888-BC59-1702AA498DAB}.Debug|Any CPU.ActiveCfg = Debug|Any CPU
		{38E93A56-661A-4888-BC59-1702AA498DAB}.Debug|Any CPU.Build.0 = Debug|Any CPU
		{38E93A56-661A-4888-BC59-1702AA498DAB}.Release|Any CPU.ActiveCfg = Release|Any CPU
		{38E93A56-661A-4888-BC59-1702AA498DAB}.Release|Any CPU.Build.0 = Release|Any CPU
		{AD8370B1-E839-4DC0-BD20-5CB3F21D9ADD}.Debug|Any CPU.ActiveCfg = Debug|Any CPU
		{AD8370B1-E839-4DC0-BD20-5CB3F21D9ADD}.Debug|Any CPU.Build.0 = Debug|Any CPU
		{AD8370B1-E839-4DC0-BD20-5CB3F21D9ADD}.Release|Any CPU.ActiveCfg = Release|Any CPU
		{AD8370B1-E839-4DC0-BD20-5CB3F21D9ADD}.Release|Any CPU.Build.0 = Release|Any CPU
		{E6F147CA-9521-4042-885D-25C8349EA9B5}.Debug|Any CPU.ActiveCfg = Debug|Any CPU
		{E6F147CA-9521-4042-885D-25C8349EA9B5}.Debug|Any CPU.Build.0 = Debug|Any CPU
		{E6F147CA-9521-4042-885D-25C8349EA9B5}.Release|Any CPU.ActiveCfg = Release|Any CPU
		{E6F147CA-9521-4042-885D-25C8349EA9B5}.Release|Any CPU.Build.0 = Release|Any CPU
		{86714CC7-C8D7-44D4-92B6-231CB1FF8BF0}.Debug|Any CPU.ActiveCfg = Debug|Any CPU
		{86714CC7-C8D7-44D4-92B6-231CB1FF8BF0}.Debug|Any CPU.Build.0 = Debug|Any CPU
		{86714CC7-C8D7-44D4-92B6-231CB1FF8BF0}.Release|Any CPU.ActiveCfg = Release|Any CPU
		{86714CC7-C8D7-44D4-92B6-231CB1FF8BF0}.Release|Any CPU.Build.0 = Release|Any CPU
	EndGlobalSection
	GlobalSection(SolutionProperties) = preSolution
		HideSolutionNode = FALSE
	EndGlobalSection
EndGlobal
